
Microsoft Visual Studio Solution File, Format Version 12.00
# Visual Studio Version 17
VisualStudioVersion = 17.7.34009.444
MinimumVisualStudioVersion = 10.0.40219.1
Project("{54A90642-561A-4BB1-A94E-469ADEE60C69}") = "reactapp", "reactapp\reactapp.esproj", "{A3A13BDE-6974-49A3-AD3F-02CF2F487583}"
EndProject
Project("{9A19103F-16F7-4668-BE54-9A1E7A4F7556}") = "webapi", "webapi\webapi.csproj", "{D2D18C11-ED9D-49A3-9A45-7A1AA8F71A90}"
EndProject
Global
	GlobalSection(SolutionConfigurationPlatforms) = preSolution
		Debug|Any CPU = Debug|Any CPU
		Release|Any CPU = Release|Any CPU
	EndGlobalSection
	GlobalSection(ProjectConfigurationPlatforms) = postSolution
		{A3A13BDE-6974-49A3-AD3F-02CF2F487583}.Debug|Any CPU.ActiveCfg = Debug|Any CPU
		{A3A13BDE-6974-49A3-AD3F-02CF2F487583}.Debug|Any CPU.Build.0 = Debug|Any CPU
		{A3A13BDE-6974-49A3-AD3F-02CF2F487583}.Debug|Any CPU.Deploy.0 = Debug|Any CPU
		{A3A13BDE-6974-49A3-AD3F-02CF2F487583}.Release|Any CPU.ActiveCfg = Release|Any CPU
		{A3A13BDE-6974-49A3-AD3F-02CF2F487583}.Release|Any CPU.Build.0 = Release|Any CPU
		{A3A13BDE-6974-49A3-AD3F-02CF2F487583}.Release|Any CPU.Deploy.0 = Release|Any CPU
		{D2D18C11-ED9D-49A3-9A45-7A1AA8F71A90}.Debug|Any CPU.ActiveCfg = Debug|Any CPU
		{D2D18C11-ED9D-49A3-9A45-7A1AA8F71A90}.Debug|Any CPU.Build.0 = Debug|Any CPU
		{D2D18C11-ED9D-49A3-9A45-7A1AA8F71A90}.Release|Any CPU.ActiveCfg = Release|Any CPU
		{D2D18C11-ED9D-49A3-9A45-7A1AA8F71A90}.Release|Any CPU.Build.0 = Release|Any CPU
	EndGlobalSection
	GlobalSection(SolutionProperties) = preSolution
		HideSolutionNode = FALSE
	EndGlobalSection
	GlobalSection(ExtensibilityGlobals) = postSolution
		SolutionGuid = {86AAEEEE-27DA-4AEF-8389-2AB38FDFD601}
	EndGlobalSection
EndGlobal
