
Microsoft Visual Studio Solution File, Format Version 12.00
# Visual Studio Version 17
VisualStudioVersion = 17.5.002.0
MinimumVisualStudioVersion = 10.0.40219.1
Project("{9A19103F-16F7-4668-BE54-9A1E7A4F7556}") = "minimal", "minimal.csproj", "{86643BCD-06B5-4561-8355-96A6E98EEF55}"
EndProject
Global
	GlobalSection(SolutionConfigurationPlatforms) = preSolution
		Debug|Any CPU = Debug|Any CPU
		Release|Any CPU = Release|Any CPU
	EndGlobalSection
	GlobalSection(ProjectConfigurationPlatforms) = postSolution
		{86643BCD-06B5-4561-8355-96A6E98EEF55}.Debug|Any CPU.ActiveCfg = Debug|Any CPU
		{86643BCD-06B5-4561-8355-96A6E98EEF55}.Debug|Any CPU.Build.0 = Debug|Any CPU
		{86643BCD-06B5-4561-8355-96A6E98EEF55}.Release|Any CPU.ActiveCfg = Release|Any CPU
		{86643BCD-06B5-4561-8355-96A6E98EEF55}.Release|Any CPU.Build.0 = Release|Any CPU
	EndGlobalSection
	GlobalSection(SolutionProperties) = preSolution
		HideSolutionNode = FALSE
	EndGlobalSection
	GlobalSection(ExtensibilityGlobals) = postSolution
		SolutionGuid = {E7028E11-04F8-44F3-B098-9811D9C7A7D3}
	EndGlobalSection
EndGlobal
